
Microsoft Visual Studio Solution File, Format Version 12.00
# Visual Studio Version 16
VisualStudioVersion = 16.0.32901.82
MinimumVisualStudioVersion = 10.0.40219.1
Project("{FAE04EC0-301F-11D3-BF4B-00C04F79EFBC}") = "DrawingModel", "DrawingModel\DrawingModel.csproj", "{03DB32CE-B5C0-4BC5-BA68-1A535F4D098A}"
EndProject
Project("{FAE04EC0-301F-11D3-BF4B-00C04F79EFBC}") = "DrawingForm", "DrawingForm\DrawingForm.csproj", "{8A46DFE5-953B-485F-861C-EF6A80D42C56}"
EndProject
Global
	GlobalSection(SolutionConfigurationPlatforms) = preSolution
		Debug|Any CPU = Debug|Any CPU
		Release|Any CPU = Release|Any CPU
	EndGlobalSection
	GlobalSection(ProjectConfigurationPlatforms) = postSolution
		{03DB32CE-B5C0-4BC5-BA68-1A535F4D098A}.Debug|Any CPU.ActiveCfg = Debug|Any CPU
		{03DB32CE-B5C0-4BC5-BA68-1A535F4D098A}.Debug|Any CPU.Build.0 = Debug|Any CPU
		{03DB32CE-B5C0-4BC5-BA68-1A535F4D098A}.Release|Any CPU.ActiveCfg = Release|Any CPU
		{03DB32CE-B5C0-4BC5-BA68-1A535F4D098A}.Release|Any CPU.Build.0 = Release|Any CPU
		{8A46DFE5-953B-485F-861C-EF6A80D42C56}.Debug|Any CPU.ActiveCfg = Debug|Any CPU
		{8A46DFE5-953B-485F-861C-EF6A80D42C56}.Debug|Any CPU.Build.0 = Debug|Any CPU
		{8A46DFE5-953B-485F-861C-EF6A80D42C56}.Release|Any CPU.ActiveCfg = Release|Any CPU
		{8A46DFE5-953B-485F-861C-EF6A80D42C56}.Release|Any CPU.Build.0 = Release|Any CPU
	EndGlobalSection
	GlobalSection(SolutionProperties) = preSolution
		HideSolutionNode = FALSE
	EndGlobalSection
	GlobalSection(ExtensibilityGlobals) = postSolution
		SolutionGuid = {44ABFC47-C0C3-43E3-B1BA-76859159B7D4}
	EndGlobalSection
EndGlobal
