
Microsoft Visual Studio Solution File, Format Version 12.00
# Visual Studio Version 16
VisualStudioVersion = 16.0.33027.164
MinimumVisualStudioVersion = 10.0.40219.1
Project("{FAE04EC0-301F-11D3-BF4B-00C04F79EFBC}") = "DrawingForm", "DrawingForm\DrawingForm.csproj", "{6E380CF2-8FC7-4BFB-AEB5-9A251DEE34E5}"
EndProject
Project("{FAE04EC0-301F-11D3-BF4B-00C04F79EFBC}") = "DrawingFormTests", "DrawingFormTests\DrawingFormTests.csproj", "{3FE33FDF-F0C1-42F6-AA87-C823FB6E1045}"
EndProject
Global
	GlobalSection(SolutionConfigurationPlatforms) = preSolution
		Debug|Any CPU = Debug|Any CPU
		Release|Any CPU = Release|Any CPU
	EndGlobalSection
	GlobalSection(ProjectConfigurationPlatforms) = postSolution
		{6E380CF2-8FC7-4BFB-AEB5-9A251DEE34E5}.Debug|Any CPU.ActiveCfg = Debug|Any CPU
		{6E380CF2-8FC7-4BFB-AEB5-9A251DEE34E5}.Debug|Any CPU.Build.0 = Debug|Any CPU
		{6E380CF2-8FC7-4BFB-AEB5-9A251DEE34E5}.Release|Any CPU.ActiveCfg = Release|Any CPU
		{6E380CF2-8FC7-4BFB-AEB5-9A251DEE34E5}.Release|Any CPU.Build.0 = Release|Any CPU
		{3FE33FDF-F0C1-42F6-AA87-C823FB6E1045}.Debug|Any CPU.ActiveCfg = Debug|Any CPU
		{3FE33FDF-F0C1-42F6-AA87-C823FB6E1045}.Debug|Any CPU.Build.0 = Debug|Any CPU
		{3FE33FDF-F0C1-42F6-AA87-C823FB6E1045}.Release|Any CPU.ActiveCfg = Release|Any CPU
		{3FE33FDF-F0C1-42F6-AA87-C823FB6E1045}.Release|Any CPU.Build.0 = Release|Any CPU
	EndGlobalSection
	GlobalSection(SolutionProperties) = preSolution
		HideSolutionNode = FALSE
	EndGlobalSection
	GlobalSection(ExtensibilityGlobals) = postSolution
		SolutionGuid = {4F992A61-BDB9-4124-9F66-E2F436674B5A}
	EndGlobalSection
EndGlobal
