
Microsoft Visual Studio Solution File, Format Version 12.00
# Visual Studio Version 16
VisualStudioVersion = 16.0.33027.164
MinimumVisualStudioVersion = 10.0.40219.1
Project("{FAE04EC0-301F-11D3-BF4B-00C04F79EFBC}") = "DrawingAppTests", "DrawingAppTests\DrawingAppTests.csproj", "{9D571C09-C7EC-48B6-9B4B-5D0E5519DB12}"
EndProject
Project("{FAE04EC0-301F-11D3-BF4B-00C04F79EFBC}") = "DrawingApp", "DrawingApp\DrawingApp.csproj", "{B59C1BE0-C177-43FF-A5C6-8418E4CD431E}"
EndProject
Global
	GlobalSection(SolutionConfigurationPlatforms) = preSolution
		Debug|ARM = Debug|ARM
		Debug|ARM64 = Debug|ARM64
		Debug|x64 = Debug|x64
		Debug|x86 = Debug|x86
		Release|ARM = Release|ARM
		Release|ARM64 = Release|ARM64
		Release|x64 = Release|x64
		Release|x86 = Release|x86
	EndGlobalSection
	GlobalSection(ProjectConfigurationPlatforms) = postSolution
		{9D571C09-C7EC-48B6-9B4B-5D0E5519DB12}.Debug|ARM.ActiveCfg = Debug|ARM
		{9D571C09-C7EC-48B6-9B4B-5D0E5519DB12}.Debug|ARM.Build.0 = Debug|ARM
		{9D571C09-C7EC-48B6-9B4B-5D0E5519DB12}.Debug|ARM.Deploy.0 = Debug|ARM
		{9D571C09-C7EC-48B6-9B4B-5D0E5519DB12}.Debug|ARM64.ActiveCfg = Debug|ARM64
		{9D571C09-C7EC-48B6-9B4B-5D0E5519DB12}.Debug|ARM64.Build.0 = Debug|ARM64
		{9D571C09-C7EC-48B6-9B4B-5D0E5519DB12}.Debug|ARM64.Deploy.0 = Debug|ARM64
		{9D571C09-C7EC-48B6-9B4B-5D0E5519DB12}.Debug|x64.ActiveCfg = Debug|x64
		{9D571C09-C7EC-48B6-9B4B-5D0E5519DB12}.Debug|x64.Build.0 = Debug|x64
		{9D571C09-C7EC-48B6-9B4B-5D0E5519DB12}.Debug|x64.Deploy.0 = Debug|x64
		{9D571C09-C7EC-48B6-9B4B-5D0E5519DB12}.Debug|x86.ActiveCfg = Debug|x86
		{9D571C09-C7EC-48B6-9B4B-5D0E5519DB12}.Debug|x86.Build.0 = Debug|x86
		{9D571C09-C7EC-48B6-9B4B-5D0E5519DB12}.Debug|x86.Deploy.0 = Debug|x86
		{9D571C09-C7EC-48B6-9B4B-5D0E5519DB12}.Release|ARM.ActiveCfg = Release|ARM
		{9D571C09-C7EC-48B6-9B4B-5D0E5519DB12}.Release|ARM.Build.0 = Release|ARM
		{9D571C09-C7EC-48B6-9B4B-5D0E5519DB12}.Release|ARM.Deploy.0 = Release|ARM
		{9D571C09-C7EC-48B6-9B4B-5D0E5519DB12}.Release|ARM64.ActiveCfg = Release|ARM64
		{9D571C09-C7EC-48B6-9B4B-5D0E5519DB12}.Release|ARM64.Build.0 = Release|ARM64
		{9D571C09-C7EC-48B6-9B4B-5D0E5519DB12}.Release|ARM64.Deploy.0 = Release|ARM64
		{9D571C09-C7EC-48B6-9B4B-5D0E5519DB12}.Release|x64.ActiveCfg = Release|x64
		{9D571C09-C7EC-48B6-9B4B-5D0E5519DB12}.Release|x64.Build.0 = Release|x64
		{9D571C09-C7EC-48B6-9B4B-5D0E5519DB12}.Release|x64.Deploy.0 = Release|x64
		{9D571C09-C7EC-48B6-9B4B-5D0E5519DB12}.Release|x86.ActiveCfg = Release|x86
		{9D571C09-C7EC-48B6-9B4B-5D0E5519DB12}.Release|x86.Build.0 = Release|x86
		{9D571C09-C7EC-48B6-9B4B-5D0E5519DB12}.Release|x86.Deploy.0 = Release|x86
		{B59C1BE0-C177-43FF-A5C6-8418E4CD431E}.Debug|ARM.ActiveCfg = Debug|ARM
		{B59C1BE0-C177-43FF-A5C6-8418E4CD431E}.Debug|ARM.Build.0 = Debug|ARM
		{B59C1BE0-C177-43FF-A5C6-8418E4CD431E}.Debug|ARM.Deploy.0 = Debug|ARM
		{B59C1BE0-C177-43FF-A5C6-8418E4CD431E}.Debug|ARM64.ActiveCfg = Debug|ARM64
		{B59C1BE0-C177-43FF-A5C6-8418E4CD431E}.Debug|ARM64.Build.0 = Debug|ARM64
		{B59C1BE0-C177-43FF-A5C6-8418E4CD431E}.Debug|ARM64.Deploy.0 = Debug|ARM64
		{B59C1BE0-C177-43FF-A5C6-8418E4CD431E}.Debug|x64.ActiveCfg = Debug|x64
		{B59C1BE0-C177-43FF-A5C6-8418E4CD431E}.Debug|x64.Build.0 = Debug|x64
		{B59C1BE0-C177-43FF-A5C6-8418E4CD431E}.Debug|x64.Deploy.0 = Debug|x64
		{B59C1BE0-C177-43FF-A5C6-8418E4CD431E}.Debug|x86.ActiveCfg = Debug|x86
		{B59C1BE0-C177-43FF-A5C6-8418E4CD431E}.Debug|x86.Build.0 = Debug|x86
		{B59C1BE0-C177-43FF-A5C6-8418E4CD431E}.Debug|x86.Deploy.0 = Debug|x86
		{B59C1BE0-C177-43FF-A5C6-8418E4CD431E}.Release|ARM.ActiveCfg = Release|ARM
		{B59C1BE0-C177-43FF-A5C6-8418E4CD431E}.Release|ARM.Build.0 = Release|ARM
		{B59C1BE0-C177-43FF-A5C6-8418E4CD431E}.Release|ARM.Deploy.0 = Release|ARM
		{B59C1BE0-C177-43FF-A5C6-8418E4CD431E}.Release|ARM64.ActiveCfg = Release|ARM64
		{B59C1BE0-C177-43FF-A5C6-8418E4CD431E}.Release|ARM64.Build.0 = Release|ARM64
		{B59C1BE0-C177-43FF-A5C6-8418E4CD431E}.Release|ARM64.Deploy.0 = Release|ARM64
		{B59C1BE0-C177-43FF-A5C6-8418E4CD431E}.Release|x64.ActiveCfg = Release|x64
		{B59C1BE0-C177-43FF-A5C6-8418E4CD431E}.Release|x64.Build.0 = Release|x64
		{B59C1BE0-C177-43FF-A5C6-8418E4CD431E}.Release|x64.Deploy.0 = Release|x64
		{B59C1BE0-C177-43FF-A5C6-8418E4CD431E}.Release|x86.ActiveCfg = Release|x86
		{B59C1BE0-C177-43FF-A5C6-8418E4CD431E}.Release|x86.Build.0 = Release|x86
		{B59C1BE0-C177-43FF-A5C6-8418E4CD431E}.Release|x86.Deploy.0 = Release|x86
	EndGlobalSection
	GlobalSection(SolutionProperties) = preSolution
		HideSolutionNode = FALSE
	EndGlobalSection
	GlobalSection(ExtensibilityGlobals) = postSolution
		SolutionGuid = {73084997-E961-4349-943E-7385B19E5A0C}
	EndGlobalSection
EndGlobal
