
Microsoft Visual Studio Solution File, Format Version 12.00
# Visual Studio Version 16
VisualStudioVersion = 16.0.33027.164
MinimumVisualStudioVersion = 10.0.40219.1
Project("{FAE04EC0-301F-11D3-BF4B-00C04F79EFBC}") = "GoogleDriveLab", "GoogleDriveLab\GoogleDriveLab.csproj", "{4A651ABF-9242-40D8-A17C-CC89DB5E5DE6}"
EndProject
Global
	GlobalSection(SolutionConfigurationPlatforms) = preSolution
		Debug|Any CPU = Debug|Any CPU
		Release|Any CPU = Release|Any CPU
	EndGlobalSection
	GlobalSection(ProjectConfigurationPlatforms) = postSolution
		{4A651ABF-9242-40D8-A17C-CC89DB5E5DE6}.Debug|Any CPU.ActiveCfg = Debug|Any CPU
		{4A651ABF-9242-40D8-A17C-CC89DB5E5DE6}.Debug|Any CPU.Build.0 = Debug|Any CPU
		{4A651ABF-9242-40D8-A17C-CC89DB5E5DE6}.Release|Any CPU.ActiveCfg = Release|Any CPU
		{4A651ABF-9242-40D8-A17C-CC89DB5E5DE6}.Release|Any CPU.Build.0 = Release|Any CPU
	EndGlobalSection
	GlobalSection(SolutionProperties) = preSolution
		HideSolutionNode = FALSE
	EndGlobalSection
	GlobalSection(ExtensibilityGlobals) = postSolution
		SolutionGuid = {FCA0396C-0BF4-4D90-A6FB-DB2C8C71BFB7}
	EndGlobalSection
EndGlobal
