
Microsoft Visual Studio Solution File, Format Version 12.00
# Visual Studio Version 16
VisualStudioVersion = 16.0.32901.82
MinimumVisualStudioVersion = 10.0.40219.1
Project("{FAE04EC0-301F-11D3-BF4B-00C04F79EFBC}") = "Bank", "Bank\Bank.csproj", "{A5AE85A2-B3E0-4099-87A7-B9384D582211}"
EndProject
Project("{FAE04EC0-301F-11D3-BF4B-00C04F79EFBC}") = "BankTests", "BankTests\BankTests.csproj", "{C6D72176-6CF0-4A32-9E46-F58AD78F352D}"
EndProject
Global
	GlobalSection(SolutionConfigurationPlatforms) = preSolution
		Debug|Any CPU = Debug|Any CPU
		Release|Any CPU = Release|Any CPU
	EndGlobalSection
	GlobalSection(ProjectConfigurationPlatforms) = postSolution
		{A5AE85A2-B3E0-4099-87A7-B9384D582211}.Debug|Any CPU.ActiveCfg = Debug|Any CPU
		{A5AE85A2-B3E0-4099-87A7-B9384D582211}.Debug|Any CPU.Build.0 = Debug|Any CPU
		{A5AE85A2-B3E0-4099-87A7-B9384D582211}.Release|Any CPU.ActiveCfg = Release|Any CPU
		{A5AE85A2-B3E0-4099-87A7-B9384D582211}.Release|Any CPU.Build.0 = Release|Any CPU
		{C6D72176-6CF0-4A32-9E46-F58AD78F352D}.Debug|Any CPU.ActiveCfg = Debug|Any CPU
		{C6D72176-6CF0-4A32-9E46-F58AD78F352D}.Debug|Any CPU.Build.0 = Debug|Any CPU
		{C6D72176-6CF0-4A32-9E46-F58AD78F352D}.Release|Any CPU.ActiveCfg = Release|Any CPU
		{C6D72176-6CF0-4A32-9E46-F58AD78F352D}.Release|Any CPU.Build.0 = Release|Any CPU
	EndGlobalSection
	GlobalSection(SolutionProperties) = preSolution
		HideSolutionNode = FALSE
	EndGlobalSection
	GlobalSection(ExtensibilityGlobals) = postSolution
		SolutionGuid = {91E0D7C3-CDA2-4BD5-94FF-C76F0D16D9F5}
	EndGlobalSection
EndGlobal
