
Microsoft Visual Studio Solution File, Format Version 12.00
# Visual Studio Version 16
VisualStudioVersion = 16.0.32901.82
MinimumVisualStudioVersion = 10.0.40219.1
Project("{FAE04EC0-301F-11D3-BF4B-00C04F79EFBC}") = "UnitTestingRobot", "UnitTestingRobot\UnitTestingRobot.csproj", "{D08C6055-8D4C-4B1C-934C-4D1B0A8F78A7}"
EndProject
Global
	GlobalSection(SolutionConfigurationPlatforms) = preSolution
		Debug|Any CPU = Debug|Any CPU
		Release|Any CPU = Release|Any CPU
	EndGlobalSection
	GlobalSection(ProjectConfigurationPlatforms) = postSolution
		{D08C6055-8D4C-4B1C-934C-4D1B0A8F78A7}.Debug|Any CPU.ActiveCfg = Debug|Any CPU
		{D08C6055-8D4C-4B1C-934C-4D1B0A8F78A7}.Debug|Any CPU.Build.0 = Debug|Any CPU
		{D08C6055-8D4C-4B1C-934C-4D1B0A8F78A7}.Release|Any CPU.ActiveCfg = Release|Any CPU
		{D08C6055-8D4C-4B1C-934C-4D1B0A8F78A7}.Release|Any CPU.Build.0 = Release|Any CPU
	EndGlobalSection
	GlobalSection(SolutionProperties) = preSolution
		HideSolutionNode = FALSE
	EndGlobalSection
	GlobalSection(ExtensibilityGlobals) = postSolution
		SolutionGuid = {E3B5BF11-0591-4D78-B8B8-1F585836EFD7}
	EndGlobalSection
EndGlobal
